
Microsoft Visual Studio Solution File, Format Version 12.00
# Visual Studio Version 17
VisualStudioVersion = 17.7.34202.233
MinimumVisualStudioVersion = 10.0.40219.1
Project("{FAE04EC0-301F-11D3-BF4B-00C04F79EFBC}") = "StudentManagmentSystem", "StudentManagmentSystem.csproj", "{CCFEAE1F-C40A-4AF8-924E-0720BDEF5BE5}"
EndProject
Global
	GlobalSection(SolutionConfigurationPlatforms) = preSolution
		Debug|Any CPU = Debug|Any CPU
		Release|Any CPU = Release|Any CPU
	EndGlobalSection
	GlobalSection(ProjectConfigurationPlatforms) = postSolution
		{CCFEAE1F-C40A-4AF8-924E-0720BDEF5BE5}.Debug|Any CPU.ActiveCfg = Debug|Any CPU
		{CCFEAE1F-C40A-4AF8-924E-0720BDEF5BE5}.Debug|Any CPU.Build.0 = Debug|Any CPU
		{CCFEAE1F-C40A-4AF8-924E-0720BDEF5BE5}.Release|Any CPU.ActiveCfg = Release|Any CPU
		{CCFEAE1F-C40A-4AF8-924E-0720BDEF5BE5}.Release|Any CPU.Build.0 = Release|Any CPU
	EndGlobalSection
	GlobalSection(SolutionProperties) = preSolution
		HideSolutionNode = FALSE
	EndGlobalSection
	GlobalSection(ExtensibilityGlobals) = postSolution
		SolutionGuid = {9095ACA2-1A6B-48ED-910D-C8C3DA78C5A6}
	EndGlobalSection
EndGlobal
